
Microsoft Visual Studio Solution File, Format Version 12.00
# Visual Studio Version 17
VisualStudioVersion = 17.5.33516.290
MinimumVisualStudioVersion = 10.0.40219.1
Project("{FAE04EC0-301F-11D3-BF4B-00C04F79EFBC}") = "Study_48_49", "Study_48_49\Study_48_49.csproj", "{FF9A6415-C13A-445E-B016-A6EB068DE628}"
EndProject
Global
	GlobalSection(SolutionConfigurationPlatforms) = preSolution
		Debug|Any CPU = Debug|Any CPU
		Release|Any CPU = Release|Any CPU
	EndGlobalSection
	GlobalSection(ProjectConfigurationPlatforms) = postSolution
		{FF9A6415-C13A-445E-B016-A6EB068DE628}.Debug|Any CPU.ActiveCfg = Debug|Any CPU
		{FF9A6415-C13A-445E-B016-A6EB068DE628}.Debug|Any CPU.Build.0 = Debug|Any CPU
		{FF9A6415-C13A-445E-B016-A6EB068DE628}.Release|Any CPU.ActiveCfg = Release|Any CPU
		{FF9A6415-C13A-445E-B016-A6EB068DE628}.Release|Any CPU.Build.0 = Release|Any CPU
	EndGlobalSection
	GlobalSection(SolutionProperties) = preSolution
		HideSolutionNode = FALSE
	EndGlobalSection
	GlobalSection(ExtensibilityGlobals) = postSolution
		SolutionGuid = {D9A81776-1AA9-4EC8-A976-159EF3D42716}
	EndGlobalSection
EndGlobal
